
Microsoft Visual Studio Solution File, Format Version 12.00
# Visual Studio 2013
VisualStudioVersion = 12.0.30723.0
MinimumVisualStudioVersion = 10.0.40219.1
Project("{8BC9CEB8-8B4A-11D0-8D11-00A0C91BC942}") = "Rotate Image", "Rotate Image\Rotate Image.vcxproj", "{70EEF64A-EFFE-4CB0-85C7-FF1D3148F416}"
EndProject
Global
	GlobalSection(SolutionConfigurationPlatforms) = preSolution
		Debug|Win32 = Debug|Win32
		Release|Win32 = Release|Win32
	EndGlobalSection
	GlobalSection(ProjectConfigurationPlatforms) = postSolution
		{70EEF64A-EFFE-4CB0-85C7-FF1D3148F416}.Debug|Win32.ActiveCfg = Debug|Win32
		{70EEF64A-EFFE-4CB0-85C7-FF1D3148F416}.Debug|Win32.Build.0 = Debug|Win32
		{70EEF64A-EFFE-4CB0-85C7-FF1D3148F416}.Release|Win32.ActiveCfg = Release|Win32
		{70EEF64A-EFFE-4CB0-85C7-FF1D3148F416}.Release|Win32.Build.0 = Release|Win32
	EndGlobalSection
	GlobalSection(SolutionProperties) = preSolution
		HideSolutionNode = FALSE
	EndGlobalSection
EndGlobal
