
Microsoft Visual Studio Solution File, Format Version 12.00
# Visual Studio 2012
Project("{8BC9CEB8-8B4A-11D0-8D11-00A0C91BC942}") = "Edit Distance", "Edit Distance\Edit Distance.vcxproj", "{58F7D689-5DD8-481E-8BCC-9DE6FC8E7D0D}"
EndProject
Global
	GlobalSection(SolutionConfigurationPlatforms) = preSolution
		Debug|Win32 = Debug|Win32
		Release|Win32 = Release|Win32
	EndGlobalSection
	GlobalSection(ProjectConfigurationPlatforms) = postSolution
		{58F7D689-5DD8-481E-8BCC-9DE6FC8E7D0D}.Debug|Win32.ActiveCfg = Debug|Win32
		{58F7D689-5DD8-481E-8BCC-9DE6FC8E7D0D}.Debug|Win32.Build.0 = Debug|Win32
		{58F7D689-5DD8-481E-8BCC-9DE6FC8E7D0D}.Release|Win32.ActiveCfg = Release|Win32
		{58F7D689-5DD8-481E-8BCC-9DE6FC8E7D0D}.Release|Win32.Build.0 = Release|Win32
	EndGlobalSection
	GlobalSection(SolutionProperties) = preSolution
		HideSolutionNode = FALSE
	EndGlobalSection
EndGlobal
