
Microsoft Visual Studio Solution File, Format Version 12.00
# Visual Studio 2012
Project("{8BC9CEB8-8B4A-11D0-8D11-00A0C91BC942}") = "Wildcard Matching", "Wildcard Matching\Wildcard Matching.vcxproj", "{43FD8772-8A1E-4090-AD15-639EE11048A4}"
EndProject
Global
	GlobalSection(SolutionConfigurationPlatforms) = preSolution
		Debug|Win32 = Debug|Win32
		Release|Win32 = Release|Win32
	EndGlobalSection
	GlobalSection(ProjectConfigurationPlatforms) = postSolution
		{43FD8772-8A1E-4090-AD15-639EE11048A4}.Debug|Win32.ActiveCfg = Debug|Win32
		{43FD8772-8A1E-4090-AD15-639EE11048A4}.Debug|Win32.Build.0 = Debug|Win32
		{43FD8772-8A1E-4090-AD15-639EE11048A4}.Release|Win32.ActiveCfg = Release|Win32
		{43FD8772-8A1E-4090-AD15-639EE11048A4}.Release|Win32.Build.0 = Release|Win32
	EndGlobalSection
	GlobalSection(SolutionProperties) = preSolution
		HideSolutionNode = FALSE
	EndGlobalSection
EndGlobal
