
Microsoft Visual Studio Solution File, Format Version 12.00
# Visual Studio 2012
Project("{8BC9CEB8-8B4A-11D0-8D11-00A0C91BC942}") = "Power", "Power\Power.vcxproj", "{42D46B1F-A7AB-4FB3-B5CB-60F9F428D5C8}"
EndProject
Global
	GlobalSection(SolutionConfigurationPlatforms) = preSolution
		Debug|Win32 = Debug|Win32
		Release|Win32 = Release|Win32
	EndGlobalSection
	GlobalSection(ProjectConfigurationPlatforms) = postSolution
		{42D46B1F-A7AB-4FB3-B5CB-60F9F428D5C8}.Debug|Win32.ActiveCfg = Debug|Win32
		{42D46B1F-A7AB-4FB3-B5CB-60F9F428D5C8}.Debug|Win32.Build.0 = Debug|Win32
		{42D46B1F-A7AB-4FB3-B5CB-60F9F428D5C8}.Release|Win32.ActiveCfg = Release|Win32
		{42D46B1F-A7AB-4FB3-B5CB-60F9F428D5C8}.Release|Win32.Build.0 = Release|Win32
	EndGlobalSection
	GlobalSection(SolutionProperties) = preSolution
		HideSolutionNode = FALSE
	EndGlobalSection
EndGlobal
