
Microsoft Visual Studio Solution File, Format Version 12.00
# Visual Studio 2012
Project("{8BC9CEB8-8B4A-11D0-8D11-00A0C91BC942}") = "Integer to English Words", "Integer to English Words\Integer to English Words.vcxproj", "{324BCE0A-8543-4ED7-AA9C-961D57158679}"
EndProject
Global
	GlobalSection(SolutionConfigurationPlatforms) = preSolution
		Debug|Win32 = Debug|Win32
		Release|Win32 = Release|Win32
	EndGlobalSection
	GlobalSection(ProjectConfigurationPlatforms) = postSolution
		{324BCE0A-8543-4ED7-AA9C-961D57158679}.Debug|Win32.ActiveCfg = Debug|Win32
		{324BCE0A-8543-4ED7-AA9C-961D57158679}.Debug|Win32.Build.0 = Debug|Win32
		{324BCE0A-8543-4ED7-AA9C-961D57158679}.Release|Win32.ActiveCfg = Release|Win32
		{324BCE0A-8543-4ED7-AA9C-961D57158679}.Release|Win32.Build.0 = Release|Win32
	EndGlobalSection
	GlobalSection(SolutionProperties) = preSolution
		HideSolutionNode = FALSE
	EndGlobalSection
EndGlobal
