
Microsoft Visual Studio Solution File, Format Version 12.00
# Visual Studio 2012
Project("{8BC9CEB8-8B4A-11D0-8D11-00A0C91BC942}") = "Combination Sum III", "Combination Sum III\Combination Sum III.vcxproj", "{0EBBC5DC-4BF9-4E3B-8EF9-F99C4DC3F64D}"
EndProject
Global
	GlobalSection(SolutionConfigurationPlatforms) = preSolution
		Debug|Win32 = Debug|Win32
		Release|Win32 = Release|Win32
	EndGlobalSection
	GlobalSection(ProjectConfigurationPlatforms) = postSolution
		{0EBBC5DC-4BF9-4E3B-8EF9-F99C4DC3F64D}.Debug|Win32.ActiveCfg = Debug|Win32
		{0EBBC5DC-4BF9-4E3B-8EF9-F99C4DC3F64D}.Debug|Win32.Build.0 = Debug|Win32
		{0EBBC5DC-4BF9-4E3B-8EF9-F99C4DC3F64D}.Release|Win32.ActiveCfg = Release|Win32
		{0EBBC5DC-4BF9-4E3B-8EF9-F99C4DC3F64D}.Release|Win32.Build.0 = Release|Win32
	EndGlobalSection
	GlobalSection(SolutionProperties) = preSolution
		HideSolutionNode = FALSE
	EndGlobalSection
EndGlobal
