
Microsoft Visual Studio Solution File, Format Version 12.00
# Visual Studio 2012
Project("{8BC9CEB8-8B4A-11D0-8D11-00A0C91BC942}") = "Find Median from Data Stream", "Find Median from Data Stream\Find Median from Data Stream.vcxproj", "{33E06462-ED84-4F0A-944E-48E8BC962639}"
EndProject
Global
	GlobalSection(SolutionConfigurationPlatforms) = preSolution
		Debug|Win32 = Debug|Win32
		Release|Win32 = Release|Win32
	EndGlobalSection
	GlobalSection(ProjectConfigurationPlatforms) = postSolution
		{33E06462-ED84-4F0A-944E-48E8BC962639}.Debug|Win32.ActiveCfg = Debug|Win32
		{33E06462-ED84-4F0A-944E-48E8BC962639}.Debug|Win32.Build.0 = Debug|Win32
		{33E06462-ED84-4F0A-944E-48E8BC962639}.Release|Win32.ActiveCfg = Release|Win32
		{33E06462-ED84-4F0A-944E-48E8BC962639}.Release|Win32.Build.0 = Release|Win32
	EndGlobalSection
	GlobalSection(SolutionProperties) = preSolution
		HideSolutionNode = FALSE
	EndGlobalSection
EndGlobal
