
Microsoft Visual Studio Solution File, Format Version 12.00
# Visual Studio 2012
Project("{8BC9CEB8-8B4A-11D0-8D11-00A0C91BC942}") = "Palindrome Number", "Palindrome Number\Palindrome Number.vcxproj", "{AC9622F2-38C5-4757-B2F8-827B3B659EC6}"
EndProject
Global
	GlobalSection(SolutionConfigurationPlatforms) = preSolution
		Debug|Win32 = Debug|Win32
		Release|Win32 = Release|Win32
	EndGlobalSection
	GlobalSection(ProjectConfigurationPlatforms) = postSolution
		{AC9622F2-38C5-4757-B2F8-827B3B659EC6}.Debug|Win32.ActiveCfg = Debug|Win32
		{AC9622F2-38C5-4757-B2F8-827B3B659EC6}.Debug|Win32.Build.0 = Debug|Win32
		{AC9622F2-38C5-4757-B2F8-827B3B659EC6}.Release|Win32.ActiveCfg = Release|Win32
		{AC9622F2-38C5-4757-B2F8-827B3B659EC6}.Release|Win32.Build.0 = Release|Win32
	EndGlobalSection
	GlobalSection(SolutionProperties) = preSolution
		HideSolutionNode = FALSE
	EndGlobalSection
EndGlobal
