
Microsoft Visual Studio Solution File, Format Version 12.00
# Visual Studio 2012
Project("{8BC9CEB8-8B4A-11D0-8D11-00A0C91BC942}") = "Unique Paths", "Unique Paths\Unique Paths.vcxproj", "{205998B1-CC9C-47E7-83AD-BEA20766BFD7}"
EndProject
Global
	GlobalSection(SolutionConfigurationPlatforms) = preSolution
		Debug|Win32 = Debug|Win32
		Release|Win32 = Release|Win32
	EndGlobalSection
	GlobalSection(ProjectConfigurationPlatforms) = postSolution
		{205998B1-CC9C-47E7-83AD-BEA20766BFD7}.Debug|Win32.ActiveCfg = Debug|Win32
		{205998B1-CC9C-47E7-83AD-BEA20766BFD7}.Debug|Win32.Build.0 = Debug|Win32
		{205998B1-CC9C-47E7-83AD-BEA20766BFD7}.Release|Win32.ActiveCfg = Release|Win32
		{205998B1-CC9C-47E7-83AD-BEA20766BFD7}.Release|Win32.Build.0 = Release|Win32
	EndGlobalSection
	GlobalSection(SolutionProperties) = preSolution
		HideSolutionNode = FALSE
	EndGlobalSection
EndGlobal
