
Microsoft Visual Studio Solution File, Format Version 12.00
# Visual Studio 2012
Project("{8BC9CEB8-8B4A-11D0-8D11-00A0C91BC942}") = "Shortest Palindrome", "Shortest Palindrome\Shortest Palindrome.vcxproj", "{F3EAAD9C-0A99-4CE7-89D8-5E09E9521AF8}"
EndProject
Global
	GlobalSection(SolutionConfigurationPlatforms) = preSolution
		Debug|Win32 = Debug|Win32
		Release|Win32 = Release|Win32
	EndGlobalSection
	GlobalSection(ProjectConfigurationPlatforms) = postSolution
		{F3EAAD9C-0A99-4CE7-89D8-5E09E9521AF8}.Debug|Win32.ActiveCfg = Debug|Win32
		{F3EAAD9C-0A99-4CE7-89D8-5E09E9521AF8}.Debug|Win32.Build.0 = Debug|Win32
		{F3EAAD9C-0A99-4CE7-89D8-5E09E9521AF8}.Release|Win32.ActiveCfg = Release|Win32
		{F3EAAD9C-0A99-4CE7-89D8-5E09E9521AF8}.Release|Win32.Build.0 = Release|Win32
	EndGlobalSection
	GlobalSection(SolutionProperties) = preSolution
		HideSolutionNode = FALSE
	EndGlobalSection
EndGlobal
