
Microsoft Visual Studio Solution File, Format Version 12.00
# Visual Studio 2012
Project("{8BC9CEB8-8B4A-11D0-8D11-00A0C91BC942}") = "Best Time to Buy and Sell Stock III", "Best Time to Buy and Sell Stock III\Best Time to Buy and Sell Stock III.vcxproj", "{62B8401E-2F25-4124-82DF-38AF3E4907E7}"
EndProject
Global
	GlobalSection(SolutionConfigurationPlatforms) = preSolution
		Debug|Win32 = Debug|Win32
		Release|Win32 = Release|Win32
	EndGlobalSection
	GlobalSection(ProjectConfigurationPlatforms) = postSolution
		{62B8401E-2F25-4124-82DF-38AF3E4907E7}.Debug|Win32.ActiveCfg = Debug|Win32
		{62B8401E-2F25-4124-82DF-38AF3E4907E7}.Debug|Win32.Build.0 = Debug|Win32
		{62B8401E-2F25-4124-82DF-38AF3E4907E7}.Release|Win32.ActiveCfg = Release|Win32
		{62B8401E-2F25-4124-82DF-38AF3E4907E7}.Release|Win32.Build.0 = Release|Win32
	EndGlobalSection
	GlobalSection(SolutionProperties) = preSolution
		HideSolutionNode = FALSE
	EndGlobalSection
EndGlobal
